# THIS IS AN AUTOGENERATED FILE. DO NOT EDIT THIS FILE DIRECTLY.
# yarn lockfile v1


"@types/node@^16.10.1":
  version "16.18.59"
  resolved "https://registry.yarnpkg.com/@types/node/-/node-16.18.59.tgz#4cdbd631be6d9be266a96fb17b5d0d7ad6bbe26c"
  integrity sha512-PJ1w2cNeKUEdey4LiPra0ZuxZFOGvetswE8qHRriV/sUkL5Al4tTmPV9D2+Y/TPIxTHHgxTfRjZVKWhPw/ORhQ==

commander@^2.20.0:
  version "2.20.3"
  resolved "https://registry.yarnpkg.com/commander/-/commander-2.20.3.tgz#fd485e84c03eb4881c20722ba48035e8531aeb33"
  integrity sha512-GpVkmM8vF2vQUkj2LvZmD35JxeJOLCwJ9cUkugyk2nuhbv3+mJvpLYYt+0+USMxE+oj+ey/lJEnhZw75x/OMcQ==

is-plain-obj@^1.1:
  version "1.1.0"
  resolved "https://registry.yarnpkg.com/is-plain-obj/-/is-plain-obj-1.1.0.tgz#71a50c8429dfca773c92a390a4a03b39fcd51d3e"
  integrity sha512-yvkRyxmFKEOQ4pNXCmJG5AEQNlXJS5LaONXo5/cLdTZdWvsZ1ioJEonLGAosKlMWE8lwUy/bJzMjcw8az73+Fg==

merge-options@^1.0.1:
  version "1.0.1"
  resolved "https://registry.yarnpkg.com/merge-options/-/merge-options-1.0.1.tgz#2a64b24457becd4e4dc608283247e94ce589aa32"
  integrity sha512-iuPV41VWKWBIOpBsjoxjDZw8/GbSfZ2mk7N1453bwMrfzdrIk7EzBd+8UVR6rkw67th7xnk9Dytl3J+lHPdxvg==
  dependencies:
    is-plain-obj "^1.1"
